{
  "name": "@openctx/provider-jira",
  "version": "0.0.15",
  "lockfileVersion": 3,
  "requires": true,
  "packages": {
    "": {
      "name": "@openctx/provider-jira",
      "version": "0.0.15",
      "license": "Apache-2.0",
      "dependencies": {
        "@openctx/provider": "file:../../lib/provider"
      }
    },
    "../../lib/provider": {
      "name": "@openctx/provider",
      "version": "0.0.20",
      "license": "Apache-2.0",
      "dependencies": {
        "@openctx/protocol": "workspace:*",
        "@openctx/schema": "workspace:*",
        "picomatch": "^3.0.1"
      },
      "devDependencies": {
        "@types/picomatch": "^2.3.3"
      }
    },
    "node_modules/@openctx/provider": {
      "resolved": "../../lib/provider",
      "link": true
    }
  }
}
