{
  "name": "@openctx/provider",
  "version": "0.0.20",
  "lockfileVersion": 3,
  "requires": true,
  "packages": {
    "": {
      "name": "@openctx/provider",
      "version": "0.0.20",
      "license": "Apache-2.0",
      "dependencies": {
        "@openctx/protocol": "file:../../lib/protocol",
        "@openctx/schema": "file:../../lib/schema",
        "picomatch": "^3.0.1"
      },
      "devDependencies": {
        "@types/picomatch": "^2.3.3"
      }
    },
    "../protocol": {
      "name": "@openctx/protocol",
      "version": "0.0.23",
      "license": "Apache-2.0",
      "dependencies": {
        "@openctx/schema": "workspace:*"
      },
      "devDependencies": {
        "json-schema-to-typescript": "^13.1.2"
      }
    },
    "../schema": {
      "name": "@openctx/schema",
      "version": "0.0.19",
      "license": "Apache-2.0",
      "devDependencies": {
        "json-schema-to-typescript": "^13.1.2"
      }
    },
    "node_modules/@openctx/protocol": {
      "resolved": "../protocol",
      "link": true
    },
    "node_modules/@openctx/schema": {
      "resolved": "../schema",
      "link": true
    },
    "node_modules/@types/picomatch": {
      "version": "2.3.4",
      "resolved": "https://registry.npmjs.org/@types/picomatch/-/picomatch-2.3.4.tgz",
      "integrity": "sha512-0so8lU8O5zatZS/2Fi4zrwks+vZv7e0dygrgEZXljODXBig97l4cPQD+9LabXfGJOWwoRkTVz6Q4edZvD12UOA==",
      "dev": true,
      "license": "MIT"
    },
    "node_modules/picomatch": {
      "version": "3.0.1",
      "resolved": "https://registry.npmjs.org/picomatch/-/picomatch-3.0.1.tgz",
      "integrity": "sha512-I3EurrIQMlRc9IaAZnqRR044Phh2DXY+55o7uJ0V+hYZAcQYSuFWsc9q5PvyDHUSCe1Qxn/iBz+78s86zWnGag==",
      "license": "MIT",
      "engines": {
        "node": ">=10"
      },
      "funding": {
        "url": "https://github.com/sponsors/jonschlinkert"
      }
    }
  }
}
